// !$*UTF8*$!
{
	archiveVersion = 1;
	classes = {
	};
	objectVersion = 56;
	objects = {

/* Begin PBXBuildFile section */
		691045522983ACF400FA7CB6 /* FirebaseAuth in Frameworks */ = {isa = PBXBuildFile; productRef = 691045512983ACF400FA7CB6 /* FirebaseAuth */; };
		691045542983ACF400FA7CB6 /* FirebaseFirestore in Frameworks */ = {isa = PBXBuildFile; productRef = 691045532983ACF400FA7CB6 /* FirebaseFirestore */; };
		6911B105298824BC008030A0 /* Record.swift in Sources */ = {isa = PBXBuildFile; fileRef = 6911B104298824BC008030A0 /* Record.swift */; };
		6911B1082988D9AD008030A0 /* FirebaseFirestoreSwift in Frameworks */ = {isa = PBXBuildFile; productRef = 6911B1072988D9AD008030A0 /* FirebaseFirestoreSwift */; };
		6911B10A2988D9BA008030A0 /* FirebaseStorage in Frameworks */ = {isa = PBXBuildFile; productRef = 6911B1092988D9BA008030A0 /* FirebaseStorage */; };
		6911B10C2988DE1F008030A0 /* RecordViewModel.swift in Sources */ = {isa = PBXBuildFile; fileRef = 6911B10B2988DE1F008030A0 /* RecordViewModel.swift */; };
		6911B10F298A0A0D008030A0 /* RecordDetailView.swift in Sources */ = {isa = PBXBuildFile; fileRef = 6911B10E298A0A0D008030A0 /* RecordDetailView.swift */; };
		691E0DA0298402F800252A44 /* ListView.swift in Sources */ = {isa = PBXBuildFile; fileRef = 691E0D9F298402F800252A44 /* ListView.swift */; };
		691E0DA829863C1C00252A44 /* NewRecordView.swift in Sources */ = {isa = PBXBuildFile; fileRef = 691E0DA729863C1C00252A44 /* NewRecordView.swift */; };
		6955908A298DCCC1005BF916 /* README.md in Resources */ = {isa = PBXBuildFile; fileRef = 69559089298DCCC1005BF916 /* README.md */; };
		69A787232981959D005DFBE2 /* PasswordManagerSwiftApp.swift in Sources */ = {isa = PBXBuildFile; fileRef = 69A787222981959D005DFBE2 /* PasswordManagerSwiftApp.swift */; };
		69A787252981959D005DFBE2 /* ContentView.swift in Sources */ = {isa = PBXBuildFile; fileRef = 69A787242981959D005DFBE2 /* ContentView.swift */; };
		69A787272981959F005DFBE2 /* Assets.xcassets in Resources */ = {isa = PBXBuildFile; fileRef = 69A787262981959F005DFBE2 /* Assets.xcassets */; };
		69A7872A2981959F005DFBE2 /* Preview Assets.xcassets in Resources */ = {isa = PBXBuildFile; fileRef = 69A787292981959F005DFBE2 /* Preview Assets.xcassets */; };
		69A78734298195A0005DFBE2 /* PasswordManagerSwiftTests.swift in Sources */ = {isa = PBXBuildFile; fileRef = 69A78733298195A0005DFBE2 /* PasswordManagerSwiftTests.swift */; };
		69A7873E298195A0005DFBE2 /* PasswordManagerSwiftUITests.swift in Sources */ = {isa = PBXBuildFile; fileRef = 69A7873D298195A0005DFBE2 /* PasswordManagerSwiftUITests.swift */; };
		69A78740298195A0005DFBE2 /* PasswordManagerSwiftUITestsLaunchTests.swift in Sources */ = {isa = PBXBuildFile; fileRef = 69A7873F298195A0005DFBE2 /* PasswordManagerSwiftUITestsLaunchTests.swift */; };
/* End PBXBuildFile section */

/* Begin PBXContainerItemProxy section */
		69A78730298195A0005DFBE2 /* PBXContainerItemProxy */ = {
			isa = PBXContainerItemProxy;
			containerPortal = 69A787172981959D005DFBE2 /* Project object */;
			proxyType = 1;
			remoteGlobalIDString = 69A7871E2981959D005DFBE2;
			remoteInfo = PasswordManagerSwift;
		};
		69A7873A298195A0005DFBE2 /* PBXContainerItemProxy */ = {
			isa = PBXContainerItemProxy;
			containerPortal = 69A787172981959D005DFBE2 /* Project object */;
			proxyType = 1;
			remoteGlobalIDString = 69A7871E2981959D005DFBE2;
			remoteInfo = PasswordManagerSwift;
		};
/* End PBXContainerItemProxy section */

/* Begin PBXFileReference section */
		6911B104298824BC008030A0 /* Record.swift */ = {isa = PBXFileReference; lastKnownFileType = sourcecode.swift; path = Record.swift; sourceTree = "<group>"; };
		6911B10B2988DE1F008030A0 /* RecordViewModel.swift */ = {isa = PBXFileReference; lastKnownFileType = sourcecode.swift; path = RecordViewModel.swift; sourceTree = "<group>"; };
		6911B10E298A0A0D008030A0 /* RecordDetailView.swift */ = {isa = PBXFileReference; lastKnownFileType = sourcecode.swift; path = RecordDetailView.swift; sourceTree = "<group>"; };
		691E0D9F298402F800252A44 /* ListView.swift */ = {isa = PBXFileReference; lastKnownFileType = sourcecode.swift; path = ListView.swift; sourceTree = "<group>"; };
		691E0DA729863C1C00252A44 /* NewRecordView.swift */ = {isa = PBXFileReference; lastKnownFileType = sourcecode.swift; path = NewRecordView.swift; sourceTree = "<group>"; };
		69559089298DCCC1005BF916 /* README.md */ = {isa = PBXFileReference; fileEncoding = 4; lastKnownFileType = net.daringfireball.markdown; path = README.md; sourceTree = "<group>"; };
		69A7871F2981959D005DFBE2 /* PasswordManagerSwift.app */ = {isa = PBXFileReference; explicitFileType = wrapper.application; includeInIndex = 0; path = PasswordManagerSwift.app; sourceTree = BUILT_PRODUCTS_DIR; };
		69A787222981959D005DFBE2 /* PasswordManagerSwiftApp.swift */ = {isa = PBXFileReference; lastKnownFileType = sourcecode.swift; path = PasswordManagerSwiftApp.swift; sourceTree = "<group>"; };
		69A787242981959D005DFBE2 /* ContentView.swift */ = {isa = PBXFileReference; lastKnownFileType = sourcecode.swift; path = ContentView.swift; sourceTree = "<group>"; };
		69A787262981959F005DFBE2 /* Assets.xcassets */ = {isa = PBXFileReference; lastKnownFileType = folder.assetcatalog; path = Assets.xcassets; sourceTree = "<group>"; };
		69A787292981959F005DFBE2 /* Preview Assets.xcassets */ = {isa = PBXFileReference; lastKnownFileType = folder.assetcatalog; path = "Preview Assets.xcassets"; sourceTree = "<group>"; };
		69A7872F298195A0005DFBE2 /* PasswordManagerSwiftTests.xctest */ = {isa = PBXFileReference; explicitFileType = wrapper.cfbundle; includeInIndex = 0; path = PasswordManagerSwiftTests.xctest; sourceTree = BUILT_PRODUCTS_DIR; };
		69A78733298195A0005DFBE2 /* PasswordManagerSwiftTests.swift */ = {isa = PBXFileReference; lastKnownFileType = sourcecode.swift; path = PasswordManagerSwiftTests.swift; sourceTree = "<group>"; };
		69A78739298195A0005DFBE2 /* PasswordManagerSwiftUITests.xctest */ = {isa = PBXFileReference; explicitFileType = wrapper.cfbundle; includeInIndex = 0; path = PasswordManagerSwiftUITests.xctest; sourceTree = BUILT_PRODUCTS_DIR; };
		69A7873D298195A0005DFBE2 /* PasswordManagerSwiftUITests.swift */ = {isa = PBXFileReference; lastKnownFileType = sourcecode.swift; path = PasswordManagerSwiftUITests.swift; sourceTree = "<group>"; };
		69A7873F298195A0005DFBE2 /* PasswordManagerSwiftUITestsLaunchTests.swift */ = {isa = PBXFileReference; lastKnownFileType = sourcecode.swift; path = PasswordManagerSwiftUITestsLaunchTests.swift; sourceTree = "<group>"; };
/* End PBXFileReference section */

/* Begin PBXFrameworksBuildPhase section */
		69A7871C2981959D005DFBE2 /* Frameworks */ = {
			isa = PBXFrameworksBuildPhase;
			buildActionMask = 2147483647;
			files = (
				691045522983ACF400FA7CB6 /* FirebaseAuth in Frameworks */,
				6911B10A2988D9BA008030A0 /* FirebaseStorage in Frameworks */,
				691045542983ACF400FA7CB6 /* FirebaseFirestore in Frameworks */,
				6911B1082988D9AD008030A0 /* FirebaseFirestoreSwift in Frameworks */,
			);
			runOnlyForDeploymentPostprocessing = 0;
		};
		69A7872C298195A0005DFBE2 /* Frameworks */ = {
			isa = PBXFrameworksBuildPhase;
			buildActionMask = 2147483647;
			files = (
			);
			runOnlyForDeploymentPostprocessing = 0;
		};
		69A78736298195A0005DFBE2 /* Frameworks */ = {
			isa = PBXFrameworksBuildPhase;
			buildActionMask = 2147483647;
			files = (
			);
			runOnlyForDeploymentPostprocessing = 0;
		};
/* End PBXFrameworksBuildPhase section */

/* Begin PBXGroup section */
		6911B1062988D9AD008030A0 /* Frameworks */ = {
			isa = PBXGroup;
			children = (
			);
			name = Frameworks;
			sourceTree = "<group>";
		};
		69A787162981959D005DFBE2 = {
			isa = PBXGroup;
			children = (
				69559089298DCCC1005BF916 /* README.md */,
				69A787212981959D005DFBE2 /* PasswordManagerSwift */,
				69A78732298195A0005DFBE2 /* PasswordManagerSwiftTests */,
				69A7873C298195A0005DFBE2 /* PasswordManagerSwiftUITests */,
				69A787202981959D005DFBE2 /* Products */,
				6911B1062988D9AD008030A0 /* Frameworks */,
			);
			sourceTree = "<group>";
		};
		69A787202981959D005DFBE2 /* Products */ = {
			isa = PBXGroup;
			children = (
				69A7871F2981959D005DFBE2 /* PasswordManagerSwift.app */,
				69A7872F298195A0005DFBE2 /* PasswordManagerSwiftTests.xctest */,
				69A78739298195A0005DFBE2 /* PasswordManagerSwiftUITests.xctest */,
			);
			name = Products;
			sourceTree = "<group>";
		};
		69A787212981959D005DFBE2 /* PasswordManagerSwift */ = {
			isa = PBXGroup;
			children = (
				69A787222981959D005DFBE2 /* PasswordManagerSwiftApp.swift */,
				69A787242981959D005DFBE2 /* ContentView.swift */,
				6911B104298824BC008030A0 /* Record.swift */,
				6911B10B2988DE1F008030A0 /* RecordViewModel.swift */,
				691E0D9F298402F800252A44 /* ListView.swift */,
				6911B10E298A0A0D008030A0 /* RecordDetailView.swift */,
				691E0DA729863C1C00252A44 /* NewRecordView.swift */,
				69A787262981959F005DFBE2 /* Assets.xcassets */,
				69A787282981959F005DFBE2 /* Preview Content */,
			);
			path = PasswordManagerSwift;
			sourceTree = "<group>";
		};
		69A787282981959F005DFBE2 /* Preview Content */ = {
			isa = PBXGroup;
			children = (
				69A787292981959F005DFBE2 /* Preview Assets.xcassets */,
			);
			path = "Preview Content";
			sourceTree = "<group>";
		};
		69A78732298195A0005DFBE2 /* PasswordManagerSwiftTests */ = {
			isa = PBXGroup;
			children = (
				69A78733298195A0005DFBE2 /* PasswordManagerSwiftTests.swift */,
			);
			path = PasswordManagerSwiftTests;
			sourceTree = "<group>";
		};
		69A7873C298195A0005DFBE2 /* PasswordManagerSwiftUITests */ = {
			isa = PBXGroup;
			children = (
				69A7873D298195A0005DFBE2 /* PasswordManagerSwiftUITests.swift */,
				69A7873F298195A0005DFBE2 /* PasswordManagerSwiftUITestsLaunchTests.swift */,
			);
			path = PasswordManagerSwiftUITests;
			sourceTree = "<group>";
		};
/* End PBXGroup section */

/* Begin PBXNativeTarget section */
		69A7871E2981959D005DFBE2 /* PasswordManagerSwift */ = {
			isa = PBXNativeTarget;
			buildConfigurationList = 69A78743298195A0005DFBE2 /* Build configuration list for PBXNativeTarget "PasswordManagerSwift" */;
			buildPhases = (
				69A7871B2981959D005DFBE2 /* Sources */,
				69A7871C2981959D005DFBE2 /* Frameworks */,
				69A7871D2981959D005DFBE2 /* Resources */,
			);
			buildRules = (
			);
			dependencies = (
			);
			name = PasswordManagerSwift;
			packageProductDependencies = (
				691045512983ACF400FA7CB6 /* FirebaseAuth */,
				691045532983ACF400FA7CB6 /* FirebaseFirestore */,
				6911B1072988D9AD008030A0 /* FirebaseFirestoreSwift */,
				6911B1092988D9BA008030A0 /* FirebaseStorage */,
			);
			productName = PasswordManagerSwift;
			productReference = 69A7871F2981959D005DFBE2 /* PasswordManagerSwift.app */;
			productType = "com.apple.product-type.application";
		};
		69A7872E298195A0005DFBE2 /* PasswordManagerSwiftTests */ = {
			isa = PBXNativeTarget;
			buildConfigurationList = 69A78746298195A0005DFBE2 /* Build configuration list for PBXNativeTarget "PasswordManagerSwiftTests" */;
			buildPhases = (
				69A7872B298195A0005DFBE2 /* Sources */,
				69A7872C298195A0005DFBE2 /* Frameworks */,
				69A7872D298195A0005DFBE2 /* Resources */,
			);
			buildRules = (
			);
			dependencies = (
				69A78731298195A0005DFBE2 /* PBXTargetDependency */,
			);
			name = PasswordManagerSwiftTests;
			productName = PasswordManagerSwiftTests;
			productReference = 69A7872F298195A0005DFBE2 /* PasswordManagerSwiftTests.xctest */;
			productType = "com.apple.product-type.bundle.unit-test";
		};
		69A78738298195A0005DFBE2 /* PasswordManagerSwiftUITests */ = {
			isa = PBXNativeTarget;
			buildConfigurationList = 69A78749298195A0005DFBE2 /* Build configuration list for PBXNativeTarget "PasswordManagerSwiftUITests" */;
			buildPhases = (
				69A78735298195A0005DFBE2 /* Sources */,
				69A78736298195A0005DFBE2 /* Frameworks */,
				69A78737298195A0005DFBE2 /* Resources */,
			);
			buildRules = (
			);
			dependencies = (
				69A7873B298195A0005DFBE2 /* PBXTargetDependency */,
			);
			name = PasswordManagerSwiftUITests;
			productName = PasswordManagerSwiftUITests;
			productReference = 69A78739298195A0005DFBE2 /* PasswordManagerSwiftUITests.xctest */;
			productType = "com.apple.product-type.bundle.ui-testing";
		};
/* End PBXNativeTarget section */

/* Begin PBXProject section */
		69A787172981959D005DFBE2 /* Project object */ = {
			isa = PBXProject;
			attributes = {
				BuildIndependentTargetsInParallel = 1;
				LastSwiftUpdateCheck = 1420;
				LastUpgradeCheck = 1420;
				TargetAttributes = {
					69A7871E2981959D005DFBE2 = {
						CreatedOnToolsVersion = 14.2;
					};
					69A7872E298195A0005DFBE2 = {
						CreatedOnToolsVersion = 14.2;
						TestTargetID = 69A7871E2981959D005DFBE2;
					};
					69A78738298195A0005DFBE2 = {
						CreatedOnToolsVersion = 14.2;
						TestTargetID = 69A7871E2981959D005DFBE2;
					};
				};
			};
			buildConfigurationList = 69A7871A2981959D005DFBE2 /* Build configuration list for PBXProject "PasswordManagerSwift" */;
			compatibilityVersion = "Xcode 14.0";
			developmentRegion = en;
			hasScannedForEncodings = 0;
			knownRegions = (
				en,
				Base,
			);
			mainGroup = 69A787162981959D005DFBE2;
			packageReferences = (
				691045502983ACF400FA7CB6 /* XCRemoteSwiftPackageReference "firebase-ios-sdk" */,
			);
			productRefGroup = 69A787202981959D005DFBE2 /* Products */;
			projectDirPath = "";
			projectRoot = "";
			targets = (
				69A7871E2981959D005DFBE2 /* PasswordManagerSwift */,
				69A7872E298195A0005DFBE2 /* PasswordManagerSwiftTests */,
				69A78738298195A0005DFBE2 /* PasswordManagerSwiftUITests */,
			);
		};
/* End PBXProject section */

/* Begin PBXResourcesBuildPhase section */
		69A7871D2981959D005DFBE2 /* Resources */ = {
			isa = PBXResourcesBuildPhase;
			buildActionMask = 2147483647;
			files = (
				69A7872A2981959F005DFBE2 /* Preview Assets.xcassets in Resources */,
				69A787272981959F005DFBE2 /* Assets.xcassets in Resources */,
				6955908A298DCCC1005BF916 /* README.md in Resources */,
			);
			runOnlyForDeploymentPostprocessing = 0;
		};
		69A7872D298195A0005DFBE2 /* Resources */ = {
			isa = PBXResourcesBuildPhase;
			buildActionMask = 2147483647;
			files = (
			);
			runOnlyForDeploymentPostprocessing = 0;
		};
		69A78737298195A0005DFBE2 /* Resources */ = {
			isa = PBXResourcesBuildPhase;
			buildActionMask = 2147483647;
			files = (
			);
			runOnlyForDeploymentPostprocessing = 0;
		};
/* End PBXResourcesBuildPhase section */

/* Begin PBXSourcesBuildPhase section */
		69A7871B2981959D005DFBE2 /* Sources */ = {
			isa = PBXSourcesBuildPhase;
			buildActionMask = 2147483647;
			files = (
				69A787252981959D005DFBE2 /* ContentView.swift in Sources */,
				691E0DA0298402F800252A44 /* ListView.swift in Sources */,
				691E0DA829863C1C00252A44 /* NewRecordView.swift in Sources */,
				6911B10C2988DE1F008030A0 /* RecordViewModel.swift in Sources */,
				6911B10F298A0A0D008030A0 /* RecordDetailView.swift in Sources */,
				6911B105298824BC008030A0 /* Record.swift in Sources */,
				69A787232981959D005DFBE2 /* PasswordManagerSwiftApp.swift in Sources */,
			);
			runOnlyForDeploymentPostprocessing = 0;
		};
		69A7872B298195A0005DFBE2 /* Sources */ = {
			isa = PBXSourcesBuildPhase;
			buildActionMask = 2147483647;
			files = (
				69A78734298195A0005DFBE2 /* PasswordManagerSwiftTests.swift in Sources */,
			);
			runOnlyForDeploymentPostprocessing = 0;
		};
		69A78735298195A0005DFBE2 /* Sources */ = {
			isa = PBXSourcesBuildPhase;
			buildActionMask = 2147483647;
			files = (
				69A7873E298195A0005DFBE2 /* PasswordManagerSwiftUITests.swift in Sources */,
				69A78740298195A0005DFBE2 /* PasswordManagerSwiftUITestsLaunchTests.swift in Sources */,
			);
			runOnlyForDeploymentPostprocessing = 0;
		};
/* End PBXSourcesBuildPhase section */

/* Begin PBXTargetDependency section */
		69A78731298195A0005DFBE2 /* PBXTargetDependency */ = {
			isa = PBXTargetDependency;
			target = 69A7871E2981959D005DFBE2 /* PasswordManagerSwift */;
			targetProxy = 69A78730298195A0005DFBE2 /* PBXContainerItemProxy */;
		};
		69A7873B298195A0005DFBE2 /* PBXTargetDependency */ = {
			isa = PBXTargetDependency;
			target = 69A7871E2981959D005DFBE2 /* PasswordManagerSwift */;
			targetProxy = 69A7873A298195A0005DFBE2 /* PBXContainerItemProxy */;
		};
/* End PBXTargetDependency section */

/* Begin XCBuildConfiguration section */
		69A78741298195A0005DFBE2 /* Debug */ = {
			isa = XCBuildConfiguration;
			buildSettings = {
				ALWAYS_SEARCH_USER_PATHS = NO;
				CLANG_ANALYZER_NONNULL = YES;
				CLANG_ANALYZER_NUMBER_OBJECT_CONVERSION = YES_AGGRESSIVE;
				CLANG_CXX_LANGUAGE_STANDARD = "gnu++20";
				CLANG_ENABLE_MODULES = YES;
				CLANG_ENABLE_OBJC_ARC = YES;
				CLANG_ENABLE_OBJC_WEAK = YES;
				CLANG_WARN_BLOCK_CAPTURE_AUTORELEASING = YES;
				CLANG_WARN_BOOL_CONVERSION = YES;
				CLANG_WARN_COMMA = YES;
				CLANG_WARN_CONSTANT_CONVERSION = YES;
				CLANG_WARN_DEPRECATED_OBJC_IMPLEMENTATIONS = YES;
				CLANG_WARN_DIRECT_OBJC_ISA_USAGE = YES_ERROR;
				CLANG_WARN_DOCUMENTATION_COMMENTS = YES;
				CLANG_WARN_EMPTY_BODY = YES;
				CLANG_WARN_ENUM_CONVERSION = YES;
				CLANG_WARN_INFINITE_RECURSION = YES;
				CLANG_WARN_INT_CONVERSION = YES;
				CLANG_WARN_NON_LITERAL_NULL_CONVERSION = YES;
				CLANG_WARN_OBJC_IMPLICIT_RETAIN_SELF = YES;
				CLANG_WARN_OBJC_LITERAL_CONVERSION = YES;
				CLANG_WARN_OBJC_ROOT_CLASS = YES_ERROR;
				CLANG_WARN_QUOTED_INCLUDE_IN_FRAMEWORK_HEADER = YES;
				CLANG_WARN_RANGE_LOOP_ANALYSIS = YES;
				CLANG_WARN_STRICT_PROTOTYPES = YES;
				CLANG_WARN_SUSPICIOUS_MOVE = YES;
				CLANG_WARN_UNGUARDED_AVAILABILITY = YES_AGGRESSIVE;
				CLANG_WARN_UNREACHABLE_CODE = YES;
				CLANG_WARN__DUPLICATE_METHOD_MATCH = YES;
				COPY_PHASE_STRIP = NO;
				DEBUG_INFORMATION_FORMAT = dwarf;
				ENABLE_STRICT_OBJC_MSGSEND = YES;
				ENABLE_TESTABILITY = YES;
				GCC_C_LANGUAGE_STANDARD = gnu11;
				GCC_DYNAMIC_NO_PIC = NO;
				GCC_NO_COMMON_BLOCKS = YES;
				GCC_OPTIMIZATION_LEVEL = 0;
				GCC_PREPROCESSOR_DEFINITIONS = (
					"DEBUG=1",
					"$(inherited)",
				);
				GCC_WARN_64_TO_32_BIT_CONVERSION = YES;
				GCC_WARN_ABOUT_RETURN_TYPE = YES_ERROR;
				GCC_WARN_UNDECLARED_SELECTOR = YES;
				GCC_WARN_UNINITIALIZED_AUTOS = YES_AGGRESSIVE;
				GCC_WARN_UNUSED_FUNCTION = YES;
				GCC_WARN_UNUSED_VARIABLE = YES;
				IPHONEOS_DEPLOYMENT_TARGET = 16.2;
				MTL_ENABLE_DEBUG_INFO = INCLUDE_SOURCE;
				MTL_FAST_MATH = YES;
				ONLY_ACTIVE_ARCH = YES;
				SDKROOT = iphoneos;
				SWIFT_ACTIVE_COMPILATION_CONDITIONS = DEBUG;
				SWIFT_OPTIMIZATION_LEVEL = "-Onone";
			};
			name = Debug;
		};
		69A78742298195A0005DFBE2 /* Release */ = {
			isa = XCBuildConfiguration;
			buildSettings = {
				ALWAYS_SEARCH_USER_PATHS = NO;
				CLANG_ANALYZER_NONNULL = YES;
				CLANG_ANALYZER_NUMBER_OBJECT_CONVERSION = YES_AGGRESSIVE;
				CLANG_CXX_LANGUAGE_STANDARD = "gnu++20";
				CLANG_ENABLE_MODULES = YES;
				CLANG_ENABLE_OBJC_ARC = YES;
				CLANG_ENABLE_OBJC_WEAK = YES;
				CLANG_WARN_BLOCK_CAPTURE_AUTORELEASING = YES;
				CLANG_WARN_BOOL_CONVERSION = YES;
				CLANG_WARN_COMMA = YES;
				CLANG_WARN_CONSTANT_CONVERSION = YES;
				CLANG_WARN_DEPRECATED_OBJC_IMPLEMENTATIONS = YES;
				CLANG_WARN_DIRECT_OBJC_ISA_USAGE = YES_ERROR;
				CLANG_WARN_DOCUMENTATION_COMMENTS = YES;
				CLANG_WARN_EMPTY_BODY = YES;
				CLANG_WARN_ENUM_CONVERSION = YES;
				CLANG_WARN_INFINITE_RECURSION = YES;
				CLANG_WARN_INT_CONVERSION = YES;
				CLANG_WARN_NON_LITERAL_NULL_CONVERSION = YES;
				CLANG_WARN_OBJC_IMPLICIT_RETAIN_SELF = YES;
				CLANG_WARN_OBJC_LITERAL_CONVERSION = YES;
				CLANG_WARN_OBJC_ROOT_CLASS = YES_ERROR;
				CLANG_WARN_QUOTED_INCLUDE_IN_FRAMEWORK_HEADER = YES;
				CLANG_WARN_RANGE_LOOP_ANALYSIS = YES;
				CLANG_WARN_STRICT_PROTOTYPES = YES;
				CLANG_WARN_SUSPICIOUS_MOVE = YES;
				CLANG_WARN_UNGUARDED_AVAILABILITY = YES_AGGRESSIVE;
				CLANG_WARN_UNREACHABLE_CODE = YES;
				CLANG_WARN__DUPLICATE_METHOD_MATCH = YES;
				COPY_PHASE_STRIP = NO;
				DEBUG_INFORMATION_FORMAT = "dwarf-with-dsym";
				ENABLE_NS_ASSERTIONS = NO;
				ENABLE_STRICT_OBJC_MSGSEND = YES;
				GCC_C_LANGUAGE_STANDARD = gnu11;
				GCC_NO_COMMON_BLOCKS = YES;
				GCC_WARN_64_TO_32_BIT_CONVERSION = YES;
				GCC_WARN_ABOUT_RETURN_TYPE = YES_ERROR;
				GCC_WARN_UNDECLARED_SELECTOR = YES;
				GCC_WARN_UNINITIALIZED_AUTOS = YES_AGGRESSIVE;
				GCC_WARN_UNUSED_FUNCTION = YES;
				GCC_WARN_UNUSED_VARIABLE = YES;
				IPHONEOS_DEPLOYMENT_TARGET = 16.2;
				MTL_ENABLE_DEBUG_INFO = NO;
				MTL_FAST_MATH = YES;
				SDKROOT = iphoneos;
				SWIFT_COMPILATION_MODE = wholemodule;
				SWIFT_OPTIMIZATION_LEVEL = "-O";
				VALIDATE_PRODUCT = YES;
			};
			name = Release;
		};
		69A78744298195A0005DFBE2 /* Debug */ = {
			isa = XCBuildConfiguration;
			buildSettings = {
				ASSETCATALOG_COMPILER_APPICON_NAME = AppIcon;
				ASSETCATALOG_COMPILER_GLOBAL_ACCENT_COLOR_NAME = AccentColor;
				CODE_SIGN_STYLE = Automatic;
				CURRENT_PROJECT_VERSION = 1;
				DEVELOPMENT_ASSET_PATHS = "\"PasswordManagerSwift/Preview Content\"";
				ENABLE_PREVIEWS = YES;
				GENERATE_INFOPLIST_FILE = YES;
				INFOPLIST_KEY_UIApplicationSceneManifest_Generation = YES;
				INFOPLIST_KEY_UIApplicationSupportsIndirectInputEvents = YES;
				INFOPLIST_KEY_UILaunchScreen_Generation = YES;
				INFOPLIST_KEY_UISupportedInterfaceOrientations_iPad = "UIInterfaceOrientationPortrait UIInterfaceOrientationPortraitUpsideDown UIInterfaceOrientationLandscapeLeft UIInterfaceOrientationLandscapeRight";
				INFOPLIST_KEY_UISupportedInterfaceOrientations_iPhone = "UIInterfaceOrientationPortrait UIInterfaceOrientationLandscapeLeft UIInterfaceOrientationLandscapeRight";
				LD_RUNPATH_SEARCH_PATHS = (
					"$(inherited)",
					"@executable_path/Frameworks",
				);
				MARKETING_VERSION = 1.0;
				PRODUCT_BUNDLE_IDENTIFIER = learningSwift.PasswordManagerSwift;
				PRODUCT_NAME = "$(TARGET_NAME)";
				SWIFT_EMIT_LOC_STRINGS = YES;
				SWIFT_VERSION = 5.0;
				TARGETED_DEVICE_FAMILY = "1,2";
			};
			name = Debug;
		};
		69A78745298195A0005DFBE2 /* Release */ = {
			isa = XCBuildConfiguration;
			buildSettings = {
				ASSETCATALOG_COMPILER_APPICON_NAME = AppIcon;
				ASSETCATALOG_COMPILER_GLOBAL_ACCENT_COLOR_NAME = AccentColor;
				CODE_SIGN_STYLE = Automatic;
				CURRENT_PROJECT_VERSION = 1;
				DEVELOPMENT_ASSET_PATHS = "\"PasswordManagerSwift/Preview Content\"";
				ENABLE_PREVIEWS = YES;
				GENERATE_INFOPLIST_FILE = YES;
				INFOPLIST_KEY_UIApplicationSceneManifest_Generation = YES;
				INFOPLIST_KEY_UIApplicationSupportsIndirectInputEvents = YES;
				INFOPLIST_KEY_UILaunchScreen_Generation = YES;
				INFOPLIST_KEY_UISupportedInterfaceOrientations_iPad = "UIInterfaceOrientationPortrait UIInterfaceOrientationPortraitUpsideDown UIInterfaceOrientationLandscapeLeft UIInterfaceOrientationLandscapeRight";
				INFOPLIST_KEY_UISupportedInterfaceOrientations_iPhone = "UIInterfaceOrientationPortrait UIInterfaceOrientationLandscapeLeft UIInterfaceOrientationLandscapeRight";
				LD_RUNPATH_SEARCH_PATHS = (
					"$(inherited)",
					"@executable_path/Frameworks",
				);
				MARKETING_VERSION = 1.0;
				PRODUCT_BUNDLE_IDENTIFIER = learningSwift.PasswordManagerSwift;
				PRODUCT_NAME = "$(TARGET_NAME)";
				SWIFT_EMIT_LOC_STRINGS = YES;
				SWIFT_VERSION = 5.0;
				TARGETED_DEVICE_FAMILY = "1,2";
			};
			name = Release;
		};
		69A78747298195A0005DFBE2 /* Debug */ = {
			isa = XCBuildConfiguration;
			buildSettings = {
				ALWAYS_EMBED_SWIFT_STANDARD_LIBRARIES = YES;
				BUNDLE_LOADER = "$(TEST_HOST)";
				CODE_SIGN_STYLE = Automatic;
				CURRENT_PROJECT_VERSION = 1;
				GENERATE_INFOPLIST_FILE = YES;
				IPHONEOS_DEPLOYMENT_TARGET = 16.2;
				MARKETING_VERSION = 1.0;
				PRODUCT_BUNDLE_IDENTIFIER = learningSwift.PasswordManagerSwiftTests;
				PRODUCT_NAME = "$(TARGET_NAME)";
				SWIFT_EMIT_LOC_STRINGS = NO;
				SWIFT_VERSION = 5.0;
				TARGETED_DEVICE_FAMILY = "1,2";
				TEST_HOST = "$(BUILT_PRODUCTS_DIR)/PasswordManagerSwift.app/$(BUNDLE_EXECUTABLE_FOLDER_PATH)/PasswordManagerSwift";
			};
			name = Debug;
		};
		69A78748298195A0005DFBE2 /* Release */ = {
			isa = XCBuildConfiguration;
			buildSettings = {
				ALWAYS_EMBED_SWIFT_STANDARD_LIBRARIES = YES;
				BUNDLE_LOADER = "$(TEST_HOST)";
				CODE_SIGN_STYLE = Automatic;
				CURRENT_PROJECT_VERSION = 1;
				GENERATE_INFOPLIST_FILE = YES;
				IPHONEOS_DEPLOYMENT_TARGET = 16.2;
				MARKETING_VERSION = 1.0;
				PRODUCT_BUNDLE_IDENTIFIER = learningSwift.PasswordManagerSwiftTests;
				PRODUCT_NAME = "$(TARGET_NAME)";
				SWIFT_EMIT_LOC_STRINGS = NO;
				SWIFT_VERSION = 5.0;
				TARGETED_DEVICE_FAMILY = "1,2";
				TEST_HOST = "$(BUILT_PRODUCTS_DIR)/PasswordManagerSwift.app/$(BUNDLE_EXECUTABLE_FOLDER_PATH)/PasswordManagerSwift";
			};
			name = Release;
		};
		69A7874A298195A0005DFBE2 /* Debug */ = {
			isa = XCBuildConfiguration;
			buildSettings = {
				ALWAYS_EMBED_SWIFT_STANDARD_LIBRARIES = YES;
				CODE_SIGN_STYLE = Automatic;
				CURRENT_PROJECT_VERSION = 1;
				GENERATE_INFOPLIST_FILE = YES;
				MARKETING_VERSION = 1.0;
				PRODUCT_BUNDLE_IDENTIFIER = learningSwift.PasswordManagerSwiftUITests;
				PRODUCT_NAME = "$(TARGET_NAME)";
				SWIFT_EMIT_LOC_STRINGS = NO;
				SWIFT_VERSION = 5.0;
				TARGETED_DEVICE_FAMILY = "1,2";
				TEST_TARGET_NAME = PasswordManagerSwift;
			};
			name = Debug;
		};
		69A7874B298195A0005DFBE2 /* Release */ = {
			isa = XCBuildConfiguration;
			buildSettings = {
				ALWAYS_EMBED_SWIFT_STANDARD_LIBRARIES = YES;
				CODE_SIGN_STYLE = Automatic;
				CURRENT_PROJECT_VERSION = 1;
				GENERATE_INFOPLIST_FILE = YES;
				MARKETING_VERSION = 1.0;
				PRODUCT_BUNDLE_IDENTIFIER = learningSwift.PasswordManagerSwiftUITests;
				PRODUCT_NAME = "$(TARGET_NAME)";
				SWIFT_EMIT_LOC_STRINGS = NO;
				SWIFT_VERSION = 5.0;
				TARGETED_DEVICE_FAMILY = "1,2";
				TEST_TARGET_NAME = PasswordManagerSwift;
			};
			name = Release;
		};
/* End XCBuildConfiguration section */

/* Begin XCConfigurationList section */
		69A7871A2981959D005DFBE2 /* Build configuration list for PBXProject "PasswordManagerSwift" */ = {
			isa = XCConfigurationList;
			buildConfigurations = (
				69A78741298195A0005DFBE2 /* Debug */,
				69A78742298195A0005DFBE2 /* Release */,
			);
			defaultConfigurationIsVisible = 0;
			defaultConfigurationName = Release;
		};
		69A78743298195A0005DFBE2 /* Build configuration list for PBXNativeTarget "PasswordManagerSwift" */ = {
			isa = XCConfigurationList;
			buildConfigurations = (
				69A78744298195A0005DFBE2 /* Debug */,
				69A78745298195A0005DFBE2 /* Release */,
			);
			defaultConfigurationIsVisible = 0;
			defaultConfigurationName = Release;
		};
		69A78746298195A0005DFBE2 /* Build configuration list for PBXNativeTarget "PasswordManagerSwiftTests" */ = {
			isa = XCConfigurationList;
			buildConfigurations = (
				69A78747298195A0005DFBE2 /* Debug */,
				69A78748298195A0005DFBE2 /* Release */,
			);
			defaultConfigurationIsVisible = 0;
			defaultConfigurationName = Release;
		};
		69A78749298195A0005DFBE2 /* Build configuration list for PBXNativeTarget "PasswordManagerSwiftUITests" */ = {
			isa = XCConfigurationList;
			buildConfigurations = (
				69A7874A298195A0005DFBE2 /* Debug */,
				69A7874B298195A0005DFBE2 /* Release */,
			);
			defaultConfigurationIsVisible = 0;
			defaultConfigurationName = Release;
		};
/* End XCConfigurationList section */

/* Begin XCRemoteSwiftPackageReference section */
		691045502983ACF400FA7CB6 /* XCRemoteSwiftPackageReference "firebase-ios-sdk" */ = {
			isa = XCRemoteSwiftPackageReference;
			repositoryURL = "https://github.com/firebase/firebase-ios-sdk.git";
			requirement = {
				kind = upToNextMajorVersion;
				minimumVersion = 9.0.0;
			};
		};
/* End XCRemoteSwiftPackageReference section */

/* Begin XCSwiftPackageProductDependency section */
		691045512983ACF400FA7CB6 /* FirebaseAuth */ = {
			isa = XCSwiftPackageProductDependency;
			package = 691045502983ACF400FA7CB6 /* XCRemoteSwiftPackageReference "firebase-ios-sdk" */;
			productName = FirebaseAuth;
		};
		691045532983ACF400FA7CB6 /* FirebaseFirestore */ = {
			isa = XCSwiftPackageProductDependency;
			package = 691045502983ACF400FA7CB6 /* XCRemoteSwiftPackageReference "firebase-ios-sdk" */;
			productName = FirebaseFirestore;
		};
		6911B1072988D9AD008030A0 /* FirebaseFirestoreSwift */ = {
			isa = XCSwiftPackageProductDependency;
			package = 691045502983ACF400FA7CB6 /* XCRemoteSwiftPackageReference "firebase-ios-sdk" */;
			productName = FirebaseFirestoreSwift;
		};
		6911B1092988D9BA008030A0 /* FirebaseStorage */ = {
			isa = XCSwiftPackageProductDependency;
			package = 691045502983ACF400FA7CB6 /* XCRemoteSwiftPackageReference "firebase-ios-sdk" */;
			productName = FirebaseStorage;
		};
/* End XCSwiftPackageProductDependency section */
	};
	rootObject = 69A787172981959D005DFBE2 /* Project object */;
}
